# Copy this file into the F-Droid fdroiddata repository as:
# metadata/com.victorzzt.mcclock.yml
#
# This is a draft skeleton for manual review. Do not submit it without checking
# current F-Droid metadata syntax and replacing TODO values.

Categories:
  - Time
License: MIT-0
AuthorName: Zitao Zhang
SourceCode: https://github.com/victorzzt/mcclock
IssueTracker: https://github.com/victorzzt/mcclock/issues
Changelog: https://github.com/victorzzt/mcclock/releases

AutoName: MC Clock Widget

RepoType: git
Repo: https://github.com/victorzzt/mcclock.git

Builds:
  - versionName: '1.0'
    versionCode: 2
    commit: v1.0
    subdir: .
    gradle:
      - yes

AutoUpdateMode: Version
UpdateCheckMode: Tags
CurrentVersion: '1.0'
CurrentVersionCode: 2

# TODO: If F-Droid reviewers classify included Minecraft-inspired artwork as
# non-free assets, add the appropriate AntiFeatures metadata here.
